
Microsoft Visual Studio Solution File, Format Version 12.00
# Visual Studio 15
VisualStudioVersion = 15.0.27130.2026
MinimumVisualStudioVersion = 10.0.40219.1
Project("{FAE04EC0-301F-11D3-BF4B-00C04F79EFBC}") = "iFasting", "iFasting\iFasting.csproj", "{A116B20A-8477-44E6-A2B1-739FB8D8AD0B}"
EndProject
Global
	GlobalSection(SolutionConfigurationPlatforms) = preSolution
		Debug|Any CPU = Debug|Any CPU
		Release|Any CPU = Release|Any CPU
	EndGlobalSection
	GlobalSection(ProjectConfigurationPlatforms) = postSolution
		{A116B20A-8477-44E6-A2B1-739FB8D8AD0B}.Debug|Any CPU.ActiveCfg = Debug|Any CPU
		{A116B20A-8477-44E6-A2B1-739FB8D8AD0B}.Debug|Any CPU.Build.0 = Debug|Any CPU
		{A116B20A-8477-44E6-A2B1-739FB8D8AD0B}.Debug|Any CPU.Deploy.0 = Debug|Any CPU
		{A116B20A-8477-44E6-A2B1-739FB8D8AD0B}.Release|Any CPU.ActiveCfg = Release|Any CPU
		{A116B20A-8477-44E6-A2B1-739FB8D8AD0B}.Release|Any CPU.Build.0 = Release|Any CPU
		{A116B20A-8477-44E6-A2B1-739FB8D8AD0B}.Release|Any CPU.Deploy.0 = Release|Any CPU
	EndGlobalSection
	GlobalSection(SolutionProperties) = preSolution
		HideSolutionNode = FALSE
	EndGlobalSection
	GlobalSection(ExtensibilityGlobals) = postSolution
		SolutionGuid = {CAE6415F-F319-4D12-9923-F35699CDC758}
	EndGlobalSection
EndGlobal
